
Microsoft Visual Studio Solution File, Format Version 12.00
# Visual Studio Version 17
VisualStudioVersion = 17.12.35707.178
MinimumVisualStudioVersion = 10.0.40219.1
Project("{2150E333-8FDC-42A3-9474-1A3956D46DE8}") = "src", "src", "{4463D927-8B5B-49BA-9CA2-ABC65E687308}"
EndProject
Project("{FAE04EC0-301F-11D3-BF4B-00C04F79EFBC}") = "DockerAPI", "src\DockerAPI\DockerAPI.csproj", "{D288FE1D-99A8-4E34-97A0-A1785ACCDE6F}"
EndProject
Global
	GlobalSection(SolutionConfigurationPlatforms) = preSolution
		Debug|Any CPU = Debug|Any CPU
		Release|Any CPU = Release|Any CPU
	EndGlobalSection
	GlobalSection(ProjectConfigurationPlatforms) = postSolution
		{D288FE1D-99A8-4E34-97A0-A1785ACCDE6F}.Debug|Any CPU.ActiveCfg = Debug|Any CPU
		{D288FE1D-99A8-4E34-97A0-A1785ACCDE6F}.Debug|Any CPU.Build.0 = Debug|Any CPU
		{D288FE1D-99A8-4E34-97A0-A1785ACCDE6F}.Release|Any CPU.ActiveCfg = Release|Any CPU
		{D288FE1D-99A8-4E34-97A0-A1785ACCDE6F}.Release|Any CPU.Build.0 = Release|Any CPU
	EndGlobalSection
	GlobalSection(SolutionProperties) = preSolution
		HideSolutionNode = FALSE
	EndGlobalSection
	GlobalSection(NestedProjects) = preSolution
		{D288FE1D-99A8-4E34-97A0-A1785ACCDE6F} = {4463D927-8B5B-49BA-9CA2-ABC65E687308}
	EndGlobalSection
EndGlobal
